
Microsoft Visual Studio Solution File, Format Version 12.00
# Visual Studio Version 17
VisualStudioVersion = 17.10.35013.160
MinimumVisualStudioVersion = 10.0.40219.1
Project("{FAE04EC0-301F-11D3-BF4B-00C04F79EFBC}") = "NextRestTest", "NextRestTest\NextRestTest.csproj", "{23D977F3-00C5-4EFD-A8C4-45A05FF11A52}"
EndProject
Global
	GlobalSection(SolutionConfigurationPlatforms) = preSolution
		Debug|Any CPU = Debug|Any CPU
		Release|Any CPU = Release|Any CPU
	EndGlobalSection
	GlobalSection(ProjectConfigurationPlatforms) = postSolution
		{23D977F3-00C5-4EFD-A8C4-45A05FF11A52}.Debug|Any CPU.ActiveCfg = Debug|Any CPU
		{23D977F3-00C5-4EFD-A8C4-45A05FF11A52}.Debug|Any CPU.Build.0 = Debug|Any CPU
		{23D977F3-00C5-4EFD-A8C4-45A05FF11A52}.Release|Any CPU.ActiveCfg = Release|Any CPU
		{23D977F3-00C5-4EFD-A8C4-45A05FF11A52}.Release|Any CPU.Build.0 = Release|Any CPU
	EndGlobalSection
	GlobalSection(SolutionProperties) = preSolution
		HideSolutionNode = FALSE
	EndGlobalSection
	GlobalSection(ExtensibilityGlobals) = postSolution
		SolutionGuid = {4F27B541-ADF0-4E06-A7CC-10FFB86563FE}
	EndGlobalSection
EndGlobal
